Microsoft Visual Studio Solution File, Format Version 12.00
# Visual Studio Version 17
VisualStudioVersion = 17.5.2.0
MinimumVisualStudioVersion = 10.0.40219.1
Project("{2150E333-8FDC-42A3-9474-1A3956D46DE8}") = "Thesis", "Thesis", "{826D0C0F-9989-5D80-149D-F2F527C7076A}"
EndProject
Project("{FAE04EC0-301F-11D3-BF4B-00C04F79EFBC}") = "Assembly-CSharp-Editor", "Thesis\Assembly-CSharp-Editor.csproj", "{A22C0A4B-2D49-5991-B6EA-0C3E62748D59}"
EndProject
Project("{FAE04EC0-301F-11D3-BF4B-00C04F79EFBC}") = "Assembly-CSharp", "Thesis\Assembly-CSharp.csproj", "{E7D5883B-3CA5-8CB0-698C-0A4071A2C5EF}"
EndProject
Global
	GlobalSection(SolutionConfigurationPlatforms) = preSolution
		Debug|Any CPU = Debug|Any CPU
		Release|Any CPU = Release|Any CPU
	EndGlobalSection
	GlobalSection(ProjectConfigurationPlatforms) = postSolution
		{A22C0A4B-2D49-5991-B6EA-0C3E62748D59}.Debug|Any CPU.ActiveCfg = Debug|Any CPU
		{A22C0A4B-2D49-5991-B6EA-0C3E62748D59}.Debug|Any CPU.Build.0 = Debug|Any CPU
		{A22C0A4B-2D49-5991-B6EA-0C3E62748D59}.Release|Any CPU.ActiveCfg = Release|Any CPU
		{A22C0A4B-2D49-5991-B6EA-0C3E62748D59}.Release|Any CPU.Build.0 = Release|Any CPU
		{E7D5883B-3CA5-8CB0-698C-0A4071A2C5EF}.Debug|Any CPU.ActiveCfg = Debug|Any CPU
		{E7D5883B-3CA5-8CB0-698C-0A4071A2C5EF}.Debug|Any CPU.Build.0 = Debug|Any CPU
		{E7D5883B-3CA5-8CB0-698C-0A4071A2C5EF}.Release|Any CPU.ActiveCfg = Release|Any CPU
		{E7D5883B-3CA5-8CB0-698C-0A4071A2C5EF}.Release|Any CPU.Build.0 = Release|Any CPU
	EndGlobalSection
	GlobalSection(SolutionProperties) = preSolution
		HideSolutionNode = FALSE
	EndGlobalSection
	GlobalSection(NestedProjects) = preSolution
		{A22C0A4B-2D49-5991-B6EA-0C3E62748D59} = {826D0C0F-9989-5D80-149D-F2F527C7076A}
		{E7D5883B-3CA5-8CB0-698C-0A4071A2C5EF} = {826D0C0F-9989-5D80-149D-F2F527C7076A}
	EndGlobalSection
	GlobalSection(ExtensibilityGlobals) = postSolution
		SolutionGuid = {4C5F7787-6381-4504-BE35-49F3DA28B8FB}
	EndGlobalSection
EndGlobal
